{
  "name": "RBK",
  "lockfileVersion": 3,
  "requires": true,
  "packages": {
    "": {
      "dependencies": {
        "standalone-whatsapp-widget": "^1.0.1"
      }
    },
    "node_modules/standalone-whatsapp-widget": {
      "version": "1.0.1",
      "resolved": "https://registry.npmjs.org/standalone-whatsapp-widget/-/standalone-whatsapp-widget-1.0.1.tgz",
      "integrity": "sha512-GeDDOlnhBZHEb9Su8DdevrJSiTK36TFn8UpEAXQ3JF1yRHjf0dnXzJdTMfKBVkcSzwz4Fd693fjkwBR/8UAEXg=="
    }
  }
}
